
Microsoft Visual Studio Solution File, Format Version 12.00
# Visual Studio 15
VisualStudioVersion = 15.0.28010.2048
MinimumVisualStudioVersion = 10.0.40219.1
Project("{FAE04EC0-301F-11D3-BF4B-00C04F79EFBC}") = "LogAnalysisApp", "LogAnalysisApp\LogAnalysisApp.csproj", "{F271E017-8301-42E6-94EA-1D343E1487FD}"
EndProject
Project("{FAE04EC0-301F-11D3-BF4B-00C04F79EFBC}") = "UnitTest", "UnitTest\UnitTest.csproj", "{5552CB9E-C722-4B83-B39F-7D5BE735DB56}"
EndProject
Global
	GlobalSection(SolutionConfigurationPlatforms) = preSolution
		Debug|Any CPU = Debug|Any CPU
		Release|Any CPU = Release|Any CPU
	EndGlobalSection
	GlobalSection(ProjectConfigurationPlatforms) = postSolution
		{F271E017-8301-42E6-94EA-1D343E1487FD}.Debug|Any CPU.ActiveCfg = Debug|Any CPU
		{F271E017-8301-42E6-94EA-1D343E1487FD}.Debug|Any CPU.Build.0 = Debug|Any CPU
		{F271E017-8301-42E6-94EA-1D343E1487FD}.Release|Any CPU.ActiveCfg = Release|Any CPU
		{F271E017-8301-42E6-94EA-1D343E1487FD}.Release|Any CPU.Build.0 = Release|Any CPU
		{5552CB9E-C722-4B83-B39F-7D5BE735DB56}.Debug|Any CPU.ActiveCfg = Debug|Any CPU
		{5552CB9E-C722-4B83-B39F-7D5BE735DB56}.Debug|Any CPU.Build.0 = Debug|Any CPU
		{5552CB9E-C722-4B83-B39F-7D5BE735DB56}.Release|Any CPU.ActiveCfg = Release|Any CPU
		{5552CB9E-C722-4B83-B39F-7D5BE735DB56}.Release|Any CPU.Build.0 = Release|Any CPU
	EndGlobalSection
	GlobalSection(SolutionProperties) = preSolution
		HideSolutionNode = FALSE
	EndGlobalSection
	GlobalSection(ExtensibilityGlobals) = postSolution
		SolutionGuid = {063B2589-0A15-465D-9A22-2E1B2CE6FB17}
	EndGlobalSection
EndGlobal
